
Microsoft Visual Studio Solution File, Format Version 12.00
# Visual Studio Version 17
VisualStudioVersion = 17.4.33205.214
MinimumVisualStudioVersion = 10.0.40219.1
Project("{FAE04EC0-301F-11D3-BF4B-00C04F79EFBC}") = "AreaCalculators", "AreaCalculators\AreaCalculators.csproj", "{FDF28D44-7202-40B6-8CBD-DA676B98254A}"
EndProject
Project("{FAE04EC0-301F-11D3-BF4B-00C04F79EFBC}") = "AreaCalculatorsTests", "AreaCalculatorsTests\AreaCalculatorsTests.csproj", "{242B9A77-5588-4D2E-8A6D-1D3BC35FE3FB}"
EndProject
Global
	GlobalSection(SolutionConfigurationPlatforms) = preSolution
		Debug|Any CPU = Debug|Any CPU
		Release|Any CPU = Release|Any CPU
	EndGlobalSection
	GlobalSection(ProjectConfigurationPlatforms) = postSolution
		{FDF28D44-7202-40B6-8CBD-DA676B98254A}.Debug|Any CPU.ActiveCfg = Debug|Any CPU
		{FDF28D44-7202-40B6-8CBD-DA676B98254A}.Debug|Any CPU.Build.0 = Debug|Any CPU
		{FDF28D44-7202-40B6-8CBD-DA676B98254A}.Release|Any CPU.ActiveCfg = Release|Any CPU
		{FDF28D44-7202-40B6-8CBD-DA676B98254A}.Release|Any CPU.Build.0 = Release|Any CPU
		{242B9A77-5588-4D2E-8A6D-1D3BC35FE3FB}.Debug|Any CPU.ActiveCfg = Debug|Any CPU
		{242B9A77-5588-4D2E-8A6D-1D3BC35FE3FB}.Debug|Any CPU.Build.0 = Debug|Any CPU
		{242B9A77-5588-4D2E-8A6D-1D3BC35FE3FB}.Release|Any CPU.ActiveCfg = Release|Any CPU
		{242B9A77-5588-4D2E-8A6D-1D3BC35FE3FB}.Release|Any CPU.Build.0 = Release|Any CPU
	EndGlobalSection
	GlobalSection(SolutionProperties) = preSolution
		HideSolutionNode = FALSE
	EndGlobalSection
	GlobalSection(ExtensibilityGlobals) = postSolution
		SolutionGuid = {47AF9F9C-2846-4215-987E-560D11449CA4}
	EndGlobalSection
EndGlobal
